
Microsoft Visual Studio Solution File, Format Version 12.00
# Visual Studio 2013
VisualStudioVersion = 12.0.21005.1
MinimumVisualStudioVersion = 10.0.40219.1
Project("{FAE04EC0-301F-11D3-BF4B-00C04F79EFBC}") = "TP_TPGO2", "TP_TPGO2\TP_TPGO2.csproj", "{C7CE7225-A5A9-4C29-B7D0-962348818006}"
EndProject
Global
	GlobalSection(SolutionConfigurationPlatforms) = preSolution
		Debug|Any CPU = Debug|Any CPU
		Release|Any CPU = Release|Any CPU
	EndGlobalSection
	GlobalSection(ProjectConfigurationPlatforms) = postSolution
		{C7CE7225-A5A9-4C29-B7D0-962348818006}.Debug|Any CPU.ActiveCfg = Debug|Any CPU
		{C7CE7225-A5A9-4C29-B7D0-962348818006}.Debug|Any CPU.Build.0 = Debug|Any CPU
		{C7CE7225-A5A9-4C29-B7D0-962348818006}.Release|Any CPU.ActiveCfg = Release|Any CPU
		{C7CE7225-A5A9-4C29-B7D0-962348818006}.Release|Any CPU.Build.0 = Release|Any CPU
	EndGlobalSection
	GlobalSection(SolutionProperties) = preSolution
		HideSolutionNode = FALSE
	EndGlobalSection
EndGlobal
